lockfileVersion: '9.0'

settings:
  autoInstallPeers: true
  excludeLinksFromLockfile: false

importers:

  .:
    dependencies:
      '@bsg-export/svelte':
        specifier: file:..
        version: file:..(belobog-stellar-grid@file:../../../pkg)(svelte@5.53.6)
      '@bsg-export/types':
        specifier: file:../../types
        version: file:../../types
      '@bsg-export/worker':
        specifier: file:../../worker
        version: file:../../worker(belobog-stellar-grid@file:../../../pkg)
      belobog-stellar-grid:
        specifier: file:../../../pkg
        version: file:../../../pkg
      svelte:
        specifier: ^5.0.0
        version: 5.53.6
    devDependencies:
      '@rsbuild/core':
        specifier: ^1.0.0
        version: 1.7.3
      '@rsbuild/plugin-svelte':
        specifier: ^1.0.0
        version: 1.1.0(@rsbuild/core@1.7.3)(svelte@5.53.6)(typescript@5.9.3)
      typescript:
        specifier: ^5.0.0
        version: 5.9.3

packages:

  '@bsg-export/svelte@file:..':
    resolution: {directory: .., type: directory}
    peerDependencies:
      belobog-stellar-grid: '>=1.0.0'
      svelte: '>=4.0.0'

  '@bsg-export/types@file:../../types':
    resolution: {directory: ../../types, type: directory}

  '@bsg-export/worker@file:../../worker':
    resolution: {directory: ../../worker, type: directory}
    peerDependencies:
      belobog-stellar-grid: '>=1.0.0'

  '@emnapi/core@1.8.1':
    resolution: {integrity: sha512-AvT9QFpxK0Zd8J0jopedNm+w/2fIzvtPKPjqyw9jwvBaReTTqPBk9Hixaz7KbjimP+QNz605/XnjFcDAL2pqBg==}

  '@emnapi/runtime@1.8.1':
    resolution: {integrity: sha512-mehfKSMWjjNol8659Z8KxEMrdSJDDot5SXMq00dM8BN4o+CLNXQ0xH2V7EchNHV4RmbZLmmPdEaXZc5H2FXmDg==}

  '@emnapi/wasi-threads@1.1.0':
    resolution: {integrity: sha512-WI0DdZ8xFSbgMjR1sFsKABJ/C5OnRrjT06JXbZKexJGrDuPTzZdDYfFlsgcCXCyf+suG5QU2e/y1Wo2V/OapLQ==}

  '@jridgewell/gen-mapping@0.3.13':
    resolution: {integrity: sha512-2kkt/7niJ6MgEPxF0bYdQ6etZaA+fQvDcLKckhy1yIQOzaoKjBBjSj63/aLVjYE3qhRt5dvM+uUyfCg6UKCBbA==}

  '@jridgewell/remapping@2.3.5':
    resolution: {integrity: sha512-LI9u/+laYG4Ds1TDKSJW2YPrIlcVYOwi2fUC6xB43lueCjgxV4lffOCZCtYFiH6TNOX+tQKXx97T4IKHbhyHEQ==}

  '@jridgewell/resolve-uri@3.1.2':
    resolution: {integrity: sha512-bRISgCIjP20/tbWSPWMEi54QVPRZExkuD9lJL+UIxUKtwVJA8wW1Trb1jMs1RFXo1CBTNZ/5hpC9QvmKWdopKw==}
    engines: {node: '>=6.0.0'}

  '@jridgewell/sourcemap-codec@1.5.5':
    resolution: {integrity: sha512-cYQ9310grqxueWbl+WuIUIaiUaDcj7WOq5fVhEljNVgRfOUhY9fy2zTvfoqWsnebh8Sl70VScFbICvJnLKB0Og==}

  '@jridgewell/trace-mapping@0.3.31':
    resolution: {integrity: sha512-zzNR+SdQSDJzc8joaeP8QQoCQr8NuYx2dIIytl1QeBEZHJ9uW6hebsrYgbz8hJwUQao3TWCMtmfV8Nu1twOLAw==}

  '@module-federation/error-codes@0.22.0':
    resolution: {integrity: sha512-xF9SjnEy7vTdx+xekjPCV5cIHOGCkdn3pIxo9vU7gEZMIw0SvAEdsy6Uh17xaCpm8V0FWvR0SZoK9Ik6jGOaug==}

  '@module-federation/runtime-core@0.22.0':
    resolution: {integrity: sha512-GR1TcD6/s7zqItfhC87zAp30PqzvceoeDGYTgF3Vx2TXvsfDrhP6Qw9T4vudDQL3uJRne6t7CzdT29YyVxlgIA==}

  '@module-federation/runtime-tools@0.22.0':
    resolution: {integrity: sha512-4ScUJ/aUfEernb+4PbLdhM/c60VHl698Gn1gY21m9vyC1Ucn69fPCA1y2EwcCB7IItseRMoNhdcWQnzt/OPCNA==}

  '@module-federation/runtime@0.22.0':
    resolution: {integrity: sha512-38g5iPju2tPC3KHMPxRKmy4k4onNp6ypFPS1eKGsNLUkXgHsPMBFqAjDw96iEcjri91BrahG4XcdyKi97xZzlA==}

  '@module-federation/sdk@0.22.0':
    resolution: {integrity: sha512-x4aFNBKn2KVQRuNVC5A7SnrSCSqyfIWmm1DvubjbO9iKFe7ith5niw8dqSFBekYBg2Fwy+eMg4sEFNVvCAdo6g==}

  '@module-federation/webpack-bundler-runtime@0.22.0':
    resolution: {integrity: sha512-aM8gCqXu+/4wBmJtVeMeeMN5guw3chf+2i6HajKtQv7SJfxV/f4IyNQJUeUQu9HfiAZHjqtMV5Lvq/Lvh8LdyA==}

  '@napi-rs/wasm-runtime@1.0.7':
    resolution: {integrity: sha512-SeDnOO0Tk7Okiq6DbXmmBODgOAb9dp9gjlphokTUxmt8U3liIP1ZsozBahH69j/RJv+Rfs6IwUKHTgQYJ/HBAw==}

  '@rsbuild/core@1.7.3':
    resolution: {integrity: sha512-kI1oQvCXbQYxUvQPnDLdjSX4gFsbrFNpuUj6jXEJ7IcJ74Q+n4oeFj74/8tKerhxhe0L90m/ZQfzLeN5ORGA9w==}
    engines: {node: '>=18.12.0'}
    hasBin: true

  '@rsbuild/plugin-svelte@1.1.0':
    resolution: {integrity: sha512-dUhGMAwoTPNz6pz+gFCseqTWn0Gz+zrqBkCLmGlfGpc0OLF7W/m9eb23fLZjKtsCkhmueboje/v//rhCqRNVWQ==}
    peerDependencies:
      '@rsbuild/core': ^1.0.0 || ^2.0.0-0

  '@rspack/binding-darwin-arm64@1.7.6':
    resolution: {integrity: sha512-NZ9AWtB1COLUX1tA9HQQvWpTy07NSFfKBU8A6ylWd5KH8AePZztpNgLLAVPTuNO4CZXYpwcoclf8jG/luJcQdQ==}
    cpu: [arm64]
    os: [darwin]

  '@rspack/binding-darwin-x64@1.7.6':
    resolution: {integrity: sha512-J2g6xk8ZS7uc024dNTGTHxoFzFovAZIRixUG7PiciLKTMP78svbSSWrmW6N8oAsAkzYfJWwQpVgWfFNRHvYxSw==}
    cpu: [x64]
    os: [darwin]

  '@rspack/binding-linux-arm64-gnu@1.7.6':
    resolution: {integrity: sha512-eQfcsaxhFrv5FmtaA7+O1F9/2yFDNIoPZzV/ZvqvFz5bBXVc4FAm/1fVpBg8Po/kX1h0chBc7Xkpry3cabFW8w==}
    cpu: [arm64]
    os: [linux]
    libc: [glibc]

  '@rspack/binding-linux-arm64-musl@1.7.6':
    resolution: {integrity: sha512-DfQXKiyPIl7i1yECHy4eAkSmlUzzsSAbOjgMuKn7pudsWf483jg0UUYutNgXSlBjc/QSUp7906Cg8oty9OfwPA==}
    cpu: [arm64]
    os: [linux]
    libc: [musl]

  '@rspack/binding-linux-x64-gnu@1.7.6':
    resolution: {integrity: sha512-NdA+2X3lk2GGrMMnTGyYTzM3pn+zNjaqXqlgKmFBXvjfZqzSsKq3pdD1KHZCd5QHN+Fwvoszj0JFsquEVhE1og==}
    cpu: [x64]
    os: [linux]
    libc: [glibc]

  '@rspack/binding-linux-x64-musl@1.7.6':
    resolution: {integrity: sha512-rEy6MHKob02t/77YNgr6dREyJ0e0tv1X6Xsg8Z5E7rPXead06zefUbfazj4RELYySWnM38ovZyJAkPx/gOn3VA==}
    cpu: [x64]
    os: [linux]
    libc: [musl]

  '@rspack/binding-wasm32-wasi@1.7.6':
    resolution: {integrity: sha512-YupOrz0daSG+YBbCIgpDgzfMM38YpChv+afZpaxx5Ml7xPeAZIIdgWmLHnQ2rts73N2M1NspAiBwV00Xx0N4Vg==}
    cpu: [wasm32]

  '@rspack/binding-win32-arm64-msvc@1.7.6':
    resolution: {integrity: sha512-INj7aVXjBvlZ84kEhSK4kJ484ub0i+BzgnjDWOWM1K+eFYDZjLdAsQSS3fGGXwVc3qKbPIssFfnftATDMTEJHQ==}
    cpu: [arm64]
    os: [win32]

  '@rspack/binding-win32-ia32-msvc@1.7.6':
    resolution: {integrity: sha512-lXGvC+z67UMcw58In12h8zCa9IyYRmuptUBMItQJzu+M278aMuD1nETyGLL7e4+OZ2lvrnnBIcjXN1hfw2yRzw==}
    cpu: [ia32]
    os: [win32]

  '@rspack/binding-win32-x64-msvc@1.7.6':
    resolution: {integrity: sha512-zeUxEc0ZaPpmaYlCeWcjSJUPuRRySiSHN23oJ2Xyw0jsQ01Qm4OScPdr0RhEOFuK/UE+ANyRtDo4zJsY52Hadw==}
    cpu: [x64]
    os: [win32]

  '@rspack/binding@1.7.6':
    resolution: {integrity: sha512-/NrEcfo8Gx22hLGysanrV6gHMuqZSxToSci/3M4kzEQtF5cPjfOv5pqeLK/+B6cr56ul/OmE96cCdWcXeVnFjQ==}

  '@rspack/core@1.7.6':
    resolution: {integrity: sha512-Iax6UhrfZqJajA778c1d5DBFbSIqPOSrI34kpNIiNpWd8Jq7mFIa+Z60SQb5ZQDZuUxcCZikjz5BxinFjTkg7Q==}
    engines: {node: '>=18.12.0'}
    peerDependencies:
      '@swc/helpers': '>=0.5.1'
    peerDependenciesMeta:
      '@swc/helpers':
        optional: true

  '@rspack/lite-tapable@1.1.0':
    resolution: {integrity: sha512-E2B0JhYFmVAwdDiG14+DW0Di4Ze4Jg10Pc4/lILUrd5DRCaklduz2OvJ5HYQ6G+hd+WTzqQb3QnDNfK4yvAFYw==}

  '@sveltejs/acorn-typescript@1.0.9':
    resolution: {integrity: sha512-lVJX6qEgs/4DOcRTpo56tmKzVPtoWAaVbL4hfO7t7NVwl9AAXzQR6cihesW1BmNMPl+bK6dreu2sOKBP2Q9CIA==}
    peerDependencies:
      acorn: ^8.9.0

  '@swc/helpers@0.5.19':
    resolution: {integrity: sha512-QamiFeIK3txNjgUTNppE6MiG3p7TdninpZu0E0PbqVh1a9FNLT2FRhisaa4NcaX52XVhA5l7Pk58Ft7Sqi/2sA==}

  '@tybys/wasm-util@0.10.1':
    resolution: {integrity: sha512-9tTaPJLSiejZKx+Bmog4uSubteqTvFrVrURwkmHixBo0G4seD0zUxp98E1DzUBJxLQ3NPwXrGKDiVjwx/DpPsg==}

  '@types/estree@1.0.8':
    resolution: {integrity: sha512-dWHzHa2WqEXI/O1E9OjrocMTKJl2mSrEolh1Iomrv6U+JuNwaHXsXx9bLu5gG7BUWFIN0skIQJQ/L1rIex4X6w==}

  '@types/trusted-types@2.0.7':
    resolution: {integrity: sha512-ScaPdn1dQczgbl0QFTeTOmVHFULt394XJgOQNoyVhZ6r2vLnMLJfBPd53SB52T/3G36VI1/g2MZaX0cwDuXsfw==}

  acorn@8.16.0:
    resolution: {integrity: sha512-UVJyE9MttOsBQIDKw1skb9nAwQuR5wuGD3+82K6JgJlm/Y+KI92oNsMNGZCYdDsVtRHSak0pcV5Dno5+4jh9sw==}
    engines: {node: '>=0.4.0'}
    hasBin: true

  aria-query@5.3.1:
    resolution: {integrity: sha512-Z/ZeOgVl7bcSYZ/u/rh0fOpvEpq//LZmdbkXyc7syVzjPAhfOa9ebsdTSjEBDU4vs5nC98Kfduj1uFo0qyET3g==}
    engines: {node: '>= 0.4'}

  axobject-query@4.1.0:
    resolution: {integrity: sha512-qIj0G9wZbMGNLjLmg1PT6v2mE9AH2zlnADJD/2tC6E00hgmhUOfEB6greHPAfLRSufHqROIUTkw6E+M3lH0PTQ==}
    engines: {node: '>= 0.4'}

  belobog-stellar-grid@file:../../../pkg:
    resolution: {directory: ../../../pkg, type: directory}

  big.js@5.2.2:
    resolution: {integrity: sha512-vyL2OymJxmarO8gxMr0mhChsO9QGwhynfuu4+MHTAW6czfq9humCB7rKpUjDd9YUiDPU4mzpyupFSvOClAwbmQ==}

  clsx@2.1.1:
    resolution: {integrity: sha512-eYm0QWBtUrBWZWG0d386OGAw16Z995PiOVo2B7bjWSbHedGl5e0ZWaq65kOGgUSNesEIDkB9ISbTg/JK9dhCZA==}
    engines: {node: '>=6'}

  core-js@3.47.0:
    resolution: {integrity: sha512-c3Q2VVkGAUyupsjRnaNX6u8Dq2vAdzm9iuPj5FW0fRxzlxgq9Q39MDq10IvmQSpLgHQNyQzQmOo6bgGHmH3NNg==}

  devalue@5.6.3:
    resolution: {integrity: sha512-nc7XjUU/2Lb+SvEFVGcWLiKkzfw8+qHI7zn8WYXKkLMgfGSHbgCEaR6bJpev8Cm6Rmrb19Gfd/tZvGqx9is3wg==}

  emojis-list@3.0.0:
    resolution: {integrity: sha512-/kyM18EfinwXZbno9FyUGeFh87KC8HRQBQGildHZbEuRyWFOmv1U10o9BBp8XVZDVNNuQKyIGIu5ZYAAXJ0V2Q==}
    engines: {node: '>= 4'}

  esm-env@1.2.2:
    resolution: {integrity: sha512-Epxrv+Nr/CaL4ZcFGPJIYLWFom+YeV1DqMLHJoEd9SYRxNbaFruBwfEX/kkHUJf55j2+TUbmDcmuilbP1TmXHA==}

  esrap@2.2.3:
    resolution: {integrity: sha512-8fOS+GIGCQZl/ZIlhl59htOlms6U8NvX6ZYgYHpRU/b6tVSh3uHkOHZikl3D4cMbYM0JlpBe+p/BkZEi8J9XIQ==}

  is-reference@3.0.3:
    resolution: {integrity: sha512-ixkJoqQvAP88E6wLydLGGqCJsrFUnqoH6HnaczB8XmDH1oaWU+xxdptvikTgaEhtZ53Ky6YXiBuUI2WXLMCwjw==}

  jiti@2.6.1:
    resolution: {integrity: sha512-ekilCSN1jwRvIbgeg/57YFh8qQDNbwDb9xT/qu2DAHbFFZUicIl4ygVaAvzveMhMVr3LnpSKTNnwt8PoOfmKhQ==}
    hasBin: true

  json5@2.2.3:
    resolution: {integrity: sha512-XmOWe7eyHYH14cLdVPoyg+GOH3rYX++KpzrylJwSW98t3Nk+U8XOl8FWKOgwtzdb8lXGf6zYwDUzeHMWfxasyg==}
    engines: {node: '>=6'}
    hasBin: true

  loader-utils@2.0.4:
    resolution: {integrity: sha512-xXqpXoINfFhgua9xiqD8fPFHgkoq1mmmpE92WlDbm9rNRd/EbRb+Gqf908T2DMfuHjjJlksiK2RbHVOdD/MqSw==}
    engines: {node: '>=8.9.0'}

  locate-character@3.0.0:
    resolution: {integrity: sha512-SW13ws7BjaeJ6p7Q6CO2nchbYEc3X3J6WrmTTDto7yMPqVSZTUyY5Tjbid+Ab8gLnATtygYtiDIJGQRRn2ZOiA==}

  magic-string@0.30.21:
    resolution: {integrity: sha512-vd2F4YUyEXKGcLHoq+TEyCjxueSeHnFxyyjNp80yg0XV4vUhnDer/lvvlqM/arB5bXQN5K2/3oinyCRyx8T2CQ==}

  svelte-dev-helper@1.1.9:
    resolution: {integrity: sha512-oU+Xv7Dl4kRU2kdFjsoPLfJfnt5hUhsFUZtuzI3Ku/f2iAFZqBoEuXOqK3N9ngD4dxQOmN4OKWPHVi3NeAeAfQ==}

  svelte-hmr@0.14.12:
    resolution: {integrity: sha512-4QSW/VvXuqVcFZ+RhxiR8/newmwOCTlbYIezvkeN6302YFRE8cXy0naamHcjz8Y9Ce3ITTZtrHrIL0AGfyo61w==}
    engines: {node: ^12.20 || ^14.13.1 || >= 16}
    peerDependencies:
      svelte: '>=3.19.0'

  svelte-loader@3.2.4:
    resolution: {integrity: sha512-e0HdDnkYH/MDx4/IfTSka5AOFg9yYJcPuoZJB5x0l60fkHjVjNvrrxr+rJegDG9J7ZymmdHt00/hdLw+QF299w==}
    peerDependencies:
      svelte: ^3.0.0 || ^4.0.0-next.0 || ^5.0.0-next.1

  svelte-preprocess@6.0.3:
    resolution: {integrity: sha512-PLG2k05qHdhmRG7zR/dyo5qKvakhm8IJ+hD2eFRQmMLHp7X3eJnjeupUtvuRpbNiF31RjVw45W+abDwHEmP5OA==}
    engines: {node: '>= 18.0.0'}
    peerDependencies:
      '@babel/core': ^7.10.2
      coffeescript: ^2.5.1
      less: ^3.11.3 || ^4.0.0
      postcss: ^7 || ^8
      postcss-load-config: '>=3'
      pug: ^3.0.0
      sass: ^1.26.8
      stylus: '>=0.55'
      sugarss: ^2.0.0 || ^3.0.0 || ^4.0.0
      svelte: ^4.0.0 || ^5.0.0-next.100 || ^5.0.0
      typescript: ^5.0.0
    peerDependenciesMeta:
      '@babel/core':
        optional: true
      coffeescript:
        optional: true
      less:
        optional: true
      postcss:
        optional: true
      postcss-load-config:
        optional: true
      pug:
        optional: true
      sass:
        optional: true
      stylus:
        optional: true
      sugarss:
        optional: true
      typescript:
        optional: true

  svelte@5.53.6:
    resolution: {integrity: sha512-lP5DGF3oDDI9fhHcSpaBiJEkFLuS16h92DhM1L5K1lFm0WjOmUh1i2sNkBBk8rkxJRpob0dBE75jRfUzGZUOGA==}
    engines: {node: '>=18'}

  tslib@2.8.1:
    resolution: {integrity: sha512-oJFu94HQb+KVduSUQL7wnpmqnfmLsOA/nAh6b6EH0wCEoK0/mPeXU6c3wKDV83MkOuHPRHtSXKKU99IBazS/2w==}

  typescript@5.9.3:
    resolution: {integrity: sha512-jl1vZzPDinLr9eUt3J/t7V6FgNEw9QjvBPdysz9KfQDD41fQrC2Y4vKQdiaUpFT4bXlb1RHhLpp8wtm6M5TgSw==}
    engines: {node: '>=14.17'}
    hasBin: true

  zimmerframe@1.1.4:
    resolution: {integrity: sha512-B58NGBEoc8Y9MWWCQGl/gq9xBCe4IiKM0a2x7GZdQKOW5Exr8S1W24J6OgM1njK8xCRGvAJIL/MxXHf6SkmQKQ==}

snapshots:

  '@bsg-export/svelte@file:..(belobog-stellar-grid@file:../../../pkg)(svelte@5.53.6)':
    dependencies:
      '@bsg-export/types': file:../../types
      belobog-stellar-grid: file:../../../pkg
      svelte: 5.53.6

  '@bsg-export/types@file:../../types': {}

  '@bsg-export/worker@file:../../worker(belobog-stellar-grid@file:../../../pkg)':
    dependencies:
      '@bsg-export/types': file:../../types
      belobog-stellar-grid: file:../../../pkg

  '@emnapi/core@1.8.1':
    dependencies:
      '@emnapi/wasi-threads': 1.1.0
      tslib: 2.8.1
    optional: true

  '@emnapi/runtime@1.8.1':
    dependencies:
      tslib: 2.8.1
    optional: true

  '@emnapi/wasi-threads@1.1.0':
    dependencies:
      tslib: 2.8.1
    optional: true

  '@jridgewell/gen-mapping@0.3.13':
    dependencies:
      '@jridgewell/sourcemap-codec': 1.5.5
      '@jridgewell/trace-mapping': 0.3.31

  '@jridgewell/remapping@2.3.5':
    dependencies:
      '@jridgewell/gen-mapping': 0.3.13
      '@jridgewell/trace-mapping': 0.3.31

  '@jridgewell/resolve-uri@3.1.2': {}

  '@jridgewell/sourcemap-codec@1.5.5': {}

  '@jridgewell/trace-mapping@0.3.31':
    dependencies:
      '@jridgewell/resolve-uri': 3.1.2
      '@jridgewell/sourcemap-codec': 1.5.5

  '@module-federation/error-codes@0.22.0': {}

  '@module-federation/runtime-core@0.22.0':
    dependencies:
      '@module-federation/error-codes': 0.22.0
      '@module-federation/sdk': 0.22.0

  '@module-federation/runtime-tools@0.22.0':
    dependencies:
      '@module-federation/runtime': 0.22.0
      '@module-federation/webpack-bundler-runtime': 0.22.0

  '@module-federation/runtime@0.22.0':
    dependencies:
      '@module-federation/error-codes': 0.22.0
      '@module-federation/runtime-core': 0.22.0
      '@module-federation/sdk': 0.22.0

  '@module-federation/sdk@0.22.0': {}

  '@module-federation/webpack-bundler-runtime@0.22.0':
    dependencies:
      '@module-federation/runtime': 0.22.0
      '@module-federation/sdk': 0.22.0

  '@napi-rs/wasm-runtime@1.0.7':
    dependencies:
      '@emnapi/core': 1.8.1
      '@emnapi/runtime': 1.8.1
      '@tybys/wasm-util': 0.10.1
    optional: true

  '@rsbuild/core@1.7.3':
    dependencies:
      '@rspack/core': 1.7.6(@swc/helpers@0.5.19)
      '@rspack/lite-tapable': 1.1.0
      '@swc/helpers': 0.5.19
      core-js: 3.47.0
      jiti: 2.6.1

  '@rsbuild/plugin-svelte@1.1.0(@rsbuild/core@1.7.3)(svelte@5.53.6)(typescript@5.9.3)':
    dependencies:
      '@rsbuild/core': 1.7.3
      svelte-loader: 3.2.4(svelte@5.53.6)
      svelte-preprocess: 6.0.3(svelte@5.53.6)(typescript@5.9.3)
    transitivePeerDependencies:
      - '@babel/core'
      - coffeescript
      - less
      - postcss
      - postcss-load-config
      - pug
      - sass
      - stylus
      - sugarss
      - svelte
      - typescript

  '@rspack/binding-darwin-arm64@1.7.6':
    optional: true

  '@rspack/binding-darwin-x64@1.7.6':
    optional: true

  '@rspack/binding-linux-arm64-gnu@1.7.6':
    optional: true

  '@rspack/binding-linux-arm64-musl@1.7.6':
    optional: true

  '@rspack/binding-linux-x64-gnu@1.7.6':
    optional: true

  '@rspack/binding-linux-x64-musl@1.7.6':
    optional: true

  '@rspack/binding-wasm32-wasi@1.7.6':
    dependencies:
      '@napi-rs/wasm-runtime': 1.0.7
    optional: true

  '@rspack/binding-win32-arm64-msvc@1.7.6':
    optional: true

  '@rspack/binding-win32-ia32-msvc@1.7.6':
    optional: true

  '@rspack/binding-win32-x64-msvc@1.7.6':
    optional: true

  '@rspack/binding@1.7.6':
    optionalDependencies:
      '@rspack/binding-darwin-arm64': 1.7.6
      '@rspack/binding-darwin-x64': 1.7.6
      '@rspack/binding-linux-arm64-gnu': 1.7.6
      '@rspack/binding-linux-arm64-musl': 1.7.6
      '@rspack/binding-linux-x64-gnu': 1.7.6
      '@rspack/binding-linux-x64-musl': 1.7.6
      '@rspack/binding-wasm32-wasi': 1.7.6
      '@rspack/binding-win32-arm64-msvc': 1.7.6
      '@rspack/binding-win32-ia32-msvc': 1.7.6
      '@rspack/binding-win32-x64-msvc': 1.7.6

  '@rspack/core@1.7.6(@swc/helpers@0.5.19)':
    dependencies:
      '@module-federation/runtime-tools': 0.22.0
      '@rspack/binding': 1.7.6
      '@rspack/lite-tapable': 1.1.0
    optionalDependencies:
      '@swc/helpers': 0.5.19

  '@rspack/lite-tapable@1.1.0': {}

  '@sveltejs/acorn-typescript@1.0.9(acorn@8.16.0)':
    dependencies:
      acorn: 8.16.0

  '@swc/helpers@0.5.19':
    dependencies:
      tslib: 2.8.1

  '@tybys/wasm-util@0.10.1':
    dependencies:
      tslib: 2.8.1
    optional: true

  '@types/estree@1.0.8': {}

  '@types/trusted-types@2.0.7': {}

  acorn@8.16.0: {}

  aria-query@5.3.1: {}

  axobject-query@4.1.0: {}

  belobog-stellar-grid@file:../../../pkg: {}

  big.js@5.2.2: {}

  clsx@2.1.1: {}

  core-js@3.47.0: {}

  devalue@5.6.3: {}

  emojis-list@3.0.0: {}

  esm-env@1.2.2: {}

  esrap@2.2.3:
    dependencies:
      '@jridgewell/sourcemap-codec': 1.5.5

  is-reference@3.0.3:
    dependencies:
      '@types/estree': 1.0.8

  jiti@2.6.1: {}

  json5@2.2.3: {}

  loader-utils@2.0.4:
    dependencies:
      big.js: 5.2.2
      emojis-list: 3.0.0
      json5: 2.2.3

  locate-character@3.0.0: {}

  magic-string@0.30.21:
    dependencies:
      '@jridgewell/sourcemap-codec': 1.5.5

  svelte-dev-helper@1.1.9: {}

  svelte-hmr@0.14.12(svelte@5.53.6):
    dependencies:
      svelte: 5.53.6

  svelte-loader@3.2.4(svelte@5.53.6):
    dependencies:
      loader-utils: 2.0.4
      svelte: 5.53.6
      svelte-dev-helper: 1.1.9
      svelte-hmr: 0.14.12(svelte@5.53.6)

  svelte-preprocess@6.0.3(svelte@5.53.6)(typescript@5.9.3):
    dependencies:
      svelte: 5.53.6
    optionalDependencies:
      typescript: 5.9.3

  svelte@5.53.6:
    dependencies:
      '@jridgewell/remapping': 2.3.5
      '@jridgewell/sourcemap-codec': 1.5.5
      '@sveltejs/acorn-typescript': 1.0.9(acorn@8.16.0)
      '@types/estree': 1.0.8
      '@types/trusted-types': 2.0.7
      acorn: 8.16.0
      aria-query: 5.3.1
      axobject-query: 4.1.0
      clsx: 2.1.1
      devalue: 5.6.3
      esm-env: 1.2.2
      esrap: 2.2.3
      is-reference: 3.0.3
      locate-character: 3.0.0
      magic-string: 0.30.21
      zimmerframe: 1.1.4

  tslib@2.8.1: {}

  typescript@5.9.3: {}

  zimmerframe@1.1.4: {}
