lockfileVersion: '9.0'

settings:
  autoInstallPeers: true
  excludeLinksFromLockfile: false

importers:

  .:
    dependencies:
      '@bsg-export/types':
        specifier: file:../types
        version: file:../types
      belobog-stellar-grid:
        specifier: '>=1.0.0'
        version: 1.0.9
    devDependencies:
      solid-js:
        specifier: ^1.9.7
        version: 1.9.11
      typescript:
        specifier: ^5.9.3
        version: 5.9.3

packages:

  '@bsg-export/types@file:../types':
    resolution: {directory: ../types, type: directory}

  belobog-stellar-grid@1.0.9:
    resolution: {integrity: sha512-rU80L7puo7Zer/5c/G0I8qz8MjjWDRYCyJdFOoeuSDPAsS3SjLQp0T6RwrveI9dKHcJtEE1fpPQRKM0mqY5brQ==}

  csstype@3.2.3:
    resolution: {integrity: sha512-z1HGKcYy2xA8AGQfwrn0PAy+PB7X/GSj3UVJW9qKyn43xWa+gl5nXmU4qqLMRzWVLFC8KusUX8T/0kCiOYpAIQ==}

  seroval-plugins@1.5.0:
    resolution: {integrity: sha512-EAHqADIQondwRZIdeW2I636zgsODzoBDwb3PT/+7TLDWyw1Dy/Xv7iGUIEXXav7usHDE9HVhOU61irI3EnyyHA==}
    engines: {node: '>=10'}
    peerDependencies:
      seroval: ^1.0

  seroval@1.5.0:
    resolution: {integrity: sha512-OE4cvmJ1uSPrKorFIH9/w/Qwuvi/IMcGbv5RKgcJ/zjA/IohDLU6SVaxFN9FwajbP7nsX0dQqMDes1whk3y+yw==}
    engines: {node: '>=10'}

  solid-js@1.9.11:
    resolution: {integrity: sha512-WEJtcc5mkh/BnHA6Yrg4whlF8g6QwpmXXRg4P2ztPmcKeHHlH4+djYecBLhSpecZY2RRECXYUwIc/C2r3yzQ4Q==}

  typescript@5.9.3:
    resolution: {integrity: sha512-jl1vZzPDinLr9eUt3J/t7V6FgNEw9QjvBPdysz9KfQDD41fQrC2Y4vKQdiaUpFT4bXlb1RHhLpp8wtm6M5TgSw==}
    engines: {node: '>=14.17'}
    hasBin: true

snapshots:

  '@bsg-export/types@file:../types': {}

  belobog-stellar-grid@1.0.9: {}

  csstype@3.2.3: {}

  seroval-plugins@1.5.0(seroval@1.5.0):
    dependencies:
      seroval: 1.5.0

  seroval@1.5.0: {}

  solid-js@1.9.11:
    dependencies:
      csstype: 3.2.3
      seroval: 1.5.0
      seroval-plugins: 1.5.0(seroval@1.5.0)

  typescript@5.9.3: {}
